# This file is automatically @generated by Cargo.
# It is not intended for manual editing.
version = 4

[[package]]
name = "efir-audio"
version = "0.1.0"

[[package]]
name = "efir-catalog"
version = "0.1.0"

[[package]]
name = "efir-core"
version = "0.1.0"

[[package]]
name = "efir-term"
version = "0.1.0"

[[package]]
name = "efir-tui"
version = "0.1.0"
